
Microsoft Visual Studio Solution File, Format Version 12.00
# Visual Studio Version 17
VisualStudioVersion = 17.11.35312.102
MinimumVisualStudioVersion = 10.0.40219.1
Project("{9A19103F-16F7-4668-BE54-9A1E7A4F7556}") = "ex01", "WHILE\ex01.csproj", "{4DA7EB3D-F5A1-4589-AF40-3ADA076183FA}"
EndProject
Project("{9A19103F-16F7-4668-BE54-9A1E7A4F7556}") = "ex03", "ex03\ex03.csproj", "{DF820AE0-DDE5-4F32-A0F1-31BF7914B520}"
EndProject
Project("{9A19103F-16F7-4668-BE54-9A1E7A4F7556}") = "ex10", "ex10\ex10.csproj", "{DC0DE63A-9E06-4142-A6CA-10C9363D872C}"
EndProject
Project("{9A19103F-16F7-4668-BE54-9A1E7A4F7556}") = "ex07", "ex07\ex07.csproj", "{632A0E51-3EB0-47CE-A4D8-A1394D983FB3}"
EndProject
Project("{9A19103F-16F7-4668-BE54-9A1E7A4F7556}") = "ex12", "ex12\ex12.csproj", "{9925035A-0FE4-4359-B49B-FF0EA1365E40}"
EndProject
Project("{9A19103F-16F7-4668-BE54-9A1E7A4F7556}") = "ex002", "ex002\ex002.csproj", "{89C133FB-32CD-4468-B658-BF9EB0679C12}"
EndProject
Project("{9A19103F-16F7-4668-BE54-9A1E7A4F7556}") = "ex04", "ex04\ex04.csproj", "{F689C4F7-8568-4DBE-980C-CA3E896A42CA}"
EndProject
Project("{9A19103F-16F7-4668-BE54-9A1E7A4F7556}") = "ex05", "ex05\ex05.csproj", "{AEA7C64E-20BA-4FD5-AC37-53B49CB82A3C}"
EndProject
Project("{9A19103F-16F7-4668-BE54-9A1E7A4F7556}") = "ex11", "ex11\ex11.csproj", "{CF73130F-3A4C-497F-A38B-2864419CCA56}"
EndProject
Project("{9A19103F-16F7-4668-BE54-9A1E7A4F7556}") = "ex09", "ex09\ex09.csproj", "{872B866E-FA79-497A-848F-16B17A0DBEA6}"
EndProject
Project("{9A19103F-16F7-4668-BE54-9A1E7A4F7556}") = "ex06", "ex06\ex06.csproj", "{AC38C4FD-8F0A-4967-A4F8-71EFC874A78C}"
EndProject
Project("{FAE04EC0-301F-11D3-BF4B-00C04F79EFBC}") = "ex13", "ex13\ex13.csproj", "{FDA06F34-8391-4943-8E56-CE27D4E97072}"
EndProject
Project("{FAE04EC0-301F-11D3-BF4B-00C04F79EFBC}") = "ex14", "ex14\ex14.csproj", "{70253890-C4F7-4E6B-A7BD-E5A61E950F5B}"
EndProject
Project("{FAE04EC0-301F-11D3-BF4B-00C04F79EFBC}") = "ex15", "ex15\ex15.csproj", "{45AE59CD-C6E8-4E68-B6FB-7BCFC7D60485}"
EndProject
Project("{FAE04EC0-301F-11D3-BF4B-00C04F79EFBC}") = "ex15b", "ex15b\ex15b.csproj", "{6FB31067-3DD2-4011-9437-89AC71BB4C47}"
EndProject
Project("{FAE04EC0-301F-11D3-BF4B-00C04F79EFBC}") = "ex16", "ex16\ex16.csproj", "{4A95999C-7FEB-4268-9E3D-DFD230BFCC32}"
EndProject
Global
	GlobalSection(SolutionConfigurationPlatforms) = preSolution
		Debug|Any CPU = Debug|Any CPU
		Release|Any CPU = Release|Any CPU
	EndGlobalSection
	GlobalSection(ProjectConfigurationPlatforms) = postSolution
		{4DA7EB3D-F5A1-4589-AF40-3ADA076183FA}.Debug|Any CPU.ActiveCfg = Debug|Any CPU
		{4DA7EB3D-F5A1-4589-AF40-3ADA076183FA}.Debug|Any CPU.Build.0 = Debug|Any CPU
		{4DA7EB3D-F5A1-4589-AF40-3ADA076183FA}.Release|Any CPU.ActiveCfg = Release|Any CPU
		{4DA7EB3D-F5A1-4589-AF40-3ADA076183FA}.Release|Any CPU.Build.0 = Release|Any CPU
		{DF820AE0-DDE5-4F32-A0F1-31BF7914B520}.Debug|Any CPU.ActiveCfg = Debug|Any CPU
		{DF820AE0-DDE5-4F32-A0F1-31BF7914B520}.Debug|Any CPU.Build.0 = Debug|Any CPU
		{DF820AE0-DDE5-4F32-A0F1-31BF7914B520}.Release|Any CPU.ActiveCfg = Release|Any CPU
		{DF820AE0-DDE5-4F32-A0F1-31BF7914B520}.Release|Any CPU.Build.0 = Release|Any CPU
		{DC0DE63A-9E06-4142-A6CA-10C9363D872C}.Debug|Any CPU.ActiveCfg = Debug|Any CPU
		{DC0DE63A-9E06-4142-A6CA-10C9363D872C}.Debug|Any CPU.Build.0 = Debug|Any CPU
		{DC0DE63A-9E06-4142-A6CA-10C9363D872C}.Release|Any CPU.ActiveCfg = Release|Any CPU
		{DC0DE63A-9E06-4142-A6CA-10C9363D872C}.Release|Any CPU.Build.0 = Release|Any CPU
		{632A0E51-3EB0-47CE-A4D8-A1394D983FB3}.Debug|Any CPU.ActiveCfg = Debug|Any CPU
		{632A0E51-3EB0-47CE-A4D8-A1394D983FB3}.Debug|Any CPU.Build.0 = Debug|Any CPU
		{632A0E51-3EB0-47CE-A4D8-A1394D983FB3}.Release|Any CPU.ActiveCfg = Release|Any CPU
		{632A0E51-3EB0-47CE-A4D8-A1394D983FB3}.Release|Any CPU.Build.0 = Release|Any CPU
		{9925035A-0FE4-4359-B49B-FF0EA1365E40}.Debug|Any CPU.ActiveCfg = Debug|Any CPU
		{9925035A-0FE4-4359-B49B-FF0EA1365E40}.Debug|Any CPU.Build.0 = Debug|Any CPU
		{9925035A-0FE4-4359-B49B-FF0EA1365E40}.Release|Any CPU.ActiveCfg = Release|Any CPU
		{9925035A-0FE4-4359-B49B-FF0EA1365E40}.Release|Any CPU.Build.0 = Release|Any CPU
		{89C133FB-32CD-4468-B658-BF9EB0679C12}.Debug|Any CPU.ActiveCfg = Debug|Any CPU
		{89C133FB-32CD-4468-B658-BF9EB0679C12}.Debug|Any CPU.Build.0 = Debug|Any CPU
		{89C133FB-32CD-4468-B658-BF9EB0679C12}.Release|Any CPU.ActiveCfg = Release|Any CPU
		{89C133FB-32CD-4468-B658-BF9EB0679C12}.Release|Any CPU.Build.0 = Release|Any CPU
		{F689C4F7-8568-4DBE-980C-CA3E896A42CA}.Debug|Any CPU.ActiveCfg = Debug|Any CPU
		{F689C4F7-8568-4DBE-980C-CA3E896A42CA}.Debug|Any CPU.Build.0 = Debug|Any CPU
		{F689C4F7-8568-4DBE-980C-CA3E896A42CA}.Release|Any CPU.ActiveCfg = Release|Any CPU
		{F689C4F7-8568-4DBE-980C-CA3E896A42CA}.Release|Any CPU.Build.0 = Release|Any CPU
		{AEA7C64E-20BA-4FD5-AC37-53B49CB82A3C}.Debug|Any CPU.ActiveCfg = Debug|Any CPU
		{AEA7C64E-20BA-4FD5-AC37-53B49CB82A3C}.Debug|Any CPU.Build.0 = Debug|Any CPU
		{AEA7C64E-20BA-4FD5-AC37-53B49CB82A3C}.Release|Any CPU.ActiveCfg = Release|Any CPU
		{AEA7C64E-20BA-4FD5-AC37-53B49CB82A3C}.Release|Any CPU.Build.0 = Release|Any CPU
		{CF73130F-3A4C-497F-A38B-2864419CCA56}.Debug|Any CPU.ActiveCfg = Debug|Any CPU
		{CF73130F-3A4C-497F-A38B-2864419CCA56}.Debug|Any CPU.Build.0 = Debug|Any CPU
		{CF73130F-3A4C-497F-A38B-2864419CCA56}.Release|Any CPU.ActiveCfg = Release|Any CPU
		{CF73130F-3A4C-497F-A38B-2864419CCA56}.Release|Any CPU.Build.0 = Release|Any CPU
		{872B866E-FA79-497A-848F-16B17A0DBEA6}.Debug|Any CPU.ActiveCfg = Debug|Any CPU
		{872B866E-FA79-497A-848F-16B17A0DBEA6}.Debug|Any CPU.Build.0 = Debug|Any CPU
		{872B866E-FA79-497A-848F-16B17A0DBEA6}.Release|Any CPU.ActiveCfg = Release|Any CPU
		{872B866E-FA79-497A-848F-16B17A0DBEA6}.Release|Any CPU.Build.0 = Release|Any CPU
		{AC38C4FD-8F0A-4967-A4F8-71EFC874A78C}.Debug|Any CPU.ActiveCfg = Debug|Any CPU
		{AC38C4FD-8F0A-4967-A4F8-71EFC874A78C}.Debug|Any CPU.Build.0 = Debug|Any CPU
		{AC38C4FD-8F0A-4967-A4F8-71EFC874A78C}.Release|Any CPU.ActiveCfg = Release|Any CPU
		{AC38C4FD-8F0A-4967-A4F8-71EFC874A78C}.Release|Any CPU.Build.0 = Release|Any CPU
		{FDA06F34-8391-4943-8E56-CE27D4E97072}.Debug|Any CPU.ActiveCfg = Debug|Any CPU
		{FDA06F34-8391-4943-8E56-CE27D4E97072}.Debug|Any CPU.Build.0 = Debug|Any CPU
		{FDA06F34-8391-4943-8E56-CE27D4E97072}.Release|Any CPU.ActiveCfg = Release|Any CPU
		{FDA06F34-8391-4943-8E56-CE27D4E97072}.Release|Any CPU.Build.0 = Release|Any CPU
		{70253890-C4F7-4E6B-A7BD-E5A61E950F5B}.Debug|Any CPU.ActiveCfg = Debug|Any CPU
		{70253890-C4F7-4E6B-A7BD-E5A61E950F5B}.Debug|Any CPU.Build.0 = Debug|Any CPU
		{70253890-C4F7-4E6B-A7BD-E5A61E950F5B}.Release|Any CPU.ActiveCfg = Release|Any CPU
		{70253890-C4F7-4E6B-A7BD-E5A61E950F5B}.Release|Any CPU.Build.0 = Release|Any CPU
		{45AE59CD-C6E8-4E68-B6FB-7BCFC7D60485}.Debug|Any CPU.ActiveCfg = Debug|Any CPU
		{45AE59CD-C6E8-4E68-B6FB-7BCFC7D60485}.Debug|Any CPU.Build.0 = Debug|Any CPU
		{45AE59CD-C6E8-4E68-B6FB-7BCFC7D60485}.Release|Any CPU.ActiveCfg = Release|Any CPU
		{45AE59CD-C6E8-4E68-B6FB-7BCFC7D60485}.Release|Any CPU.Build.0 = Release|Any CPU
		{6FB31067-3DD2-4011-9437-89AC71BB4C47}.Debug|Any CPU.ActiveCfg = Debug|Any CPU
		{6FB31067-3DD2-4011-9437-89AC71BB4C47}.Debug|Any CPU.Build.0 = Debug|Any CPU
		{6FB31067-3DD2-4011-9437-89AC71BB4C47}.Release|Any CPU.ActiveCfg = Release|Any CPU
		{6FB31067-3DD2-4011-9437-89AC71BB4C47}.Release|Any CPU.Build.0 = Release|Any CPU
		{4A95999C-7FEB-4268-9E3D-DFD230BFCC32}.Debug|Any CPU.ActiveCfg = Debug|Any CPU
		{4A95999C-7FEB-4268-9E3D-DFD230BFCC32}.Debug|Any CPU.Build.0 = Debug|Any CPU
		{4A95999C-7FEB-4268-9E3D-DFD230BFCC32}.Release|Any CPU.ActiveCfg = Release|Any CPU
		{4A95999C-7FEB-4268-9E3D-DFD230BFCC32}.Release|Any CPU.Build.0 = Release|Any CPU
	EndGlobalSection
	GlobalSection(SolutionProperties) = preSolution
		HideSolutionNode = FALSE
	EndGlobalSection
	GlobalSection(ExtensibilityGlobals) = postSolution
		SolutionGuid = {36BE249A-21C2-4668-A6F3-E1DB265405A6}
	EndGlobalSection
EndGlobal
